// !$*UTF8*$!
{
	archiveVersion = 1;
	classes = {
	};
	objectVersion = 90;
	objects = {

/* Begin PBXContainerItemProxy section */
		B40AB71A2FF816AE00591F25 /* PBXContainerItemProxy */ = {
			isa = PBXContainerItemProxy;
			containerPortal = 000000000000000000000000 /* Project object */;
			proxyType = 1;
			remoteGlobalIDString = B40AB70C2FF816AD00591F25;
			remoteInfo = MusicTV;
		};
		B40AB7242FF816AE00591F25 /* PBXContainerItemProxy */ = {
			isa = PBXContainerItemProxy;
			containerPortal = 000000000000000000000000 /* Project object */;
			proxyType = 1;
			remoteGlobalIDString = B40AB70C2FF816AD00591F25;
			remoteInfo = MusicTV;
		};
		B40AB91C2FF8DE3400591F25 /* PBXContainerItemProxy */ = {
			isa = PBXContainerItemProxy;
			containerPortal = 000000000000000000000000 /* Project object */;
			proxyType = 1;
			remoteGlobalIDString = B40AB90E2FF8DE3400591F25;
			remoteInfo = MusicMac;
		};
		B40AB9262FF8DE3400591F25 /* PBXContainerItemProxy */ = {
			isa = PBXContainerItemProxy;
			containerPortal = 000000000000000000000000 /* Project object */;
			proxyType = 1;
			remoteGlobalIDString = B40AB90E2FF8DE3400591F25;
			remoteInfo = MusicMac;
		};
/* End PBXContainerItemProxy section */

/* Begin PBXFileReference section */
		000000000000000000000120 /* Music2.0.app */ = {isa = PBXFileReference; explicitFileType = wrapper.application; includeInIndex = 0; path = Music2.0.app; sourceTree = BUILT_PRODUCTS_DIR; };
		B40AB70D2FF816AD00591F25 /* Music2.0.app */ = {isa = PBXFileReference; explicitFileType = wrapper.application; includeInIndex = 0; path = Music2.0.app; sourceTree = BUILT_PRODUCTS_DIR; };
		B40AB7192FF816AE00591F25 /* MusicTVTests.xctest */ = {isa = PBXFileReference; explicitFileType = wrapper.cfbundle; includeInIndex = 0; path = MusicTVTests.xctest; sourceTree = BUILT_PRODUCTS_DIR; };
		B40AB7232FF816AE00591F25 /* MusicTVUITests.xctest */ = {isa = PBXFileReference; explicitFileType = wrapper.cfbundle; includeInIndex = 0; path = MusicTVUITests.xctest; sourceTree = BUILT_PRODUCTS_DIR; };
		B40AB90F2FF8DE3400591F25 /* MusicMac.app */ = {isa = PBXFileReference; explicitFileType = wrapper.application; includeInIndex = 0; path = MusicMac.app; sourceTree = BUILT_PRODUCTS_DIR; };
		B40AB91B2FF8DE3400591F25 /* MusicMacTests.xctest */ = {isa = PBXFileReference; explicitFileType = wrapper.cfbundle; includeInIndex = 0; path = MusicMacTests.xctest; sourceTree = BUILT_PRODUCTS_DIR; };
		B40AB9252FF8DE3400591F25 /* MusicMacUITests.xctest */ = {isa = PBXFileReference; explicitFileType = wrapper.cfbundle; includeInIndex = 0; path = MusicMacUITests.xctest; sourceTree = BUILT_PRODUCTS_DIR; };
/* End PBXFileReference section */

/* Begin PBXFileSystemSynchronizedBuildFileExceptionSet section */
		B474633D2FE19CE6004C4EC2 /* Exceptions for "MusicApp" folder in "MusicApp" target */ = {
			isa = PBXFileSystemSynchronizedBuildFileExceptionSet;
			membershipExceptions = (
				Info.plist,
			);
			target = 000000000000000100000000 /* MusicApp */;
		};
		B474633E2FE19CE6004C4EC3 /* Exceptions for "MusicApp" folder in "MusicTV" target */ = {
			isa = PBXFileSystemSynchronizedBuildFileExceptionSet;
			membershipExceptions = (
				AudioLevel.swift,
				AudioStore.swift,
				CachedImage.swift,
				JellyfinClient.swift,
				Models.swift,
				Player.swift,
				SessionHub.swift,
				SharedNowPlaying.swift,
			);
			target = B40AB70C2FF816AD00591F25 /* MusicTV */;
		};
/* End PBXFileSystemSynchronizedBuildFileExceptionSet section */

/* Begin PBXFileSystemSynchronizedRootGroup section */
		000000000000000000000010 /* MusicApp */ = {
			isa = PBXFileSystemSynchronizedRootGroup;
			exceptions = (
				B474633D2FE19CE6004C4EC2 /* Exceptions for "MusicApp" folder in "MusicApp" target */,
				B474633E2FE19CE6004C4EC3 /* Exceptions for "MusicApp" folder in "MusicTV" target */,
			);
			path = MusicApp;
			sourceTree = "<group>";
		};
		B40AB70E2FF816AD00591F25 /* MusicTV */ = {
			isa = PBXFileSystemSynchronizedRootGroup;
			path = MusicTV;
			sourceTree = "<group>";
		};
		B40AB71C2FF816AE00591F25 /* MusicTVTests */ = {
			isa = PBXFileSystemSynchronizedRootGroup;
			path = MusicTVTests;
			sourceTree = "<group>";
		};
		B40AB7262FF816AE00591F25 /* MusicTVUITests */ = {
			isa = PBXFileSystemSynchronizedRootGroup;
			path = MusicTVUITests;
			sourceTree = "<group>";
		};
		B40AB9102FF8DE3400591F25 /* MusicMac */ = {
			isa = PBXFileSystemSynchronizedRootGroup;
			path = MusicMac;
			sourceTree = "<group>";
		};
		B40AB91E2FF8DE3400591F25 /* MusicMacTests */ = {
			isa = PBXFileSystemSynchronizedRootGroup;
			path = MusicMacTests;
			sourceTree = "<group>";
		};
		B40AB9282FF8DE3400591F25 /* MusicMacUITests */ = {
			isa = PBXFileSystemSynchronizedRootGroup;
			path = MusicMacUITests;
			sourceTree = "<group>";
		};
/* End PBXFileSystemSynchronizedRootGroup section */

/* Begin PBXFrameworksBuildPhase section */
		000000000000000130000000 /* Frameworks */ = {
			isa = PBXFrameworksBuildPhase;
			files = (
			);
		};
		B40AB70A2FF816AD00591F25 /* Frameworks */ = {
			isa = PBXFrameworksBuildPhase;
			files = (
			);
		};
		B40AB7162FF816AE00591F25 /* Frameworks */ = {
			isa = PBXFrameworksBuildPhase;
			files = (
			);
		};
		B40AB7202FF816AE00591F25 /* Frameworks */ = {
			isa = PBXFrameworksBuildPhase;
			files = (
			);
		};
		B40AB90C2FF8DE3400591F25 /* Frameworks */ = {
			isa = PBXFrameworksBuildPhase;
			files = (
			);
		};
		B40AB9182FF8DE3400591F25 /* Frameworks */ = {
			isa = PBXFrameworksBuildPhase;
			files = (
			);
		};
		B40AB9222FF8DE3400591F25 /* Frameworks */ = {
			isa = PBXFrameworksBuildPhase;
			files = (
			);
		};
/* End PBXFrameworksBuildPhase section */

/* Begin PBXGroup section */
		000000000000000000000001 = {
			isa = PBXGroup;
			children = (
				000000000000000000000010 /* MusicApp */,
				B40AB70E2FF816AD00591F25 /* MusicTV */,
				B40AB71C2FF816AE00591F25 /* MusicTVTests */,
				B40AB7262FF816AE00591F25 /* MusicTVUITests */,
				B40AB9102FF8DE3400591F25 /* MusicMac */,
				B40AB91E2FF8DE3400591F25 /* MusicMacTests */,
				B40AB9282FF8DE3400591F25 /* MusicMacUITests */,
				000000000000000000000020 /* Products */,
			);
			sourceTree = "<group>";
		};
		000000000000000000000020 /* Products */ = {
			isa = PBXGroup;
			children = (
				000000000000000000000120 /* Music2.0.app */,
				B40AB70D2FF816AD00591F25 /* Music2.0.app */,
				B40AB7192FF816AE00591F25 /* MusicTVTests.xctest */,
				B40AB7232FF816AE00591F25 /* MusicTVUITests.xctest */,
				B40AB90F2FF8DE3400591F25 /* MusicMac.app */,
				B40AB91B2FF8DE3400591F25 /* MusicMacTests.xctest */,
				B40AB9252FF8DE3400591F25 /* MusicMacUITests.xctest */,
			);
			name = Products;
			sourceTree = "<group>";
		};
/* End PBXGroup section */

/* Begin PBXNativeTarget section */
		000000000000000100000000 /* MusicApp */ = {
			isa = PBXNativeTarget;
			buildConfigurationList = 000000000000000110000000 /* Build configuration list for PBXNativeTarget "MusicApp" */;
			buildPhases = (
				000000000000000120000000 /* Sources */,
				000000000000000130000000 /* Frameworks */,
				000000000000000140000000 /* Resources */,
			);
			buildRules = (
			);
			fileSystemSynchronizedGroups = (
				000000000000000000000010 /* MusicApp */,
			);
			name = MusicApp;
			productName = MusicApp;
			productReference = 000000000000000000000120 /* Music2.0.app */;
			productType = "com.apple.product-type.application";
		};
		B40AB70C2FF816AD00591F25 /* MusicTV */ = {
			isa = PBXNativeTarget;
			buildConfigurationList = B40AB7312FF816AE00591F25 /* Build configuration list for PBXNativeTarget "MusicTV" */;
			buildPhases = (
				B40AB7092FF816AD00591F25 /* Sources */,
				B40AB70A2FF816AD00591F25 /* Frameworks */,
				B40AB70B2FF816AD00591F25 /* Resources */,
			);
			buildRules = (
			);
			fileSystemSynchronizedGroups = (
				B40AB70E2FF816AD00591F25 /* MusicTV */,
			);
			name = MusicTV;
			productName = MusicTV;
			productReference = B40AB70D2FF816AD00591F25 /* Music2.0.app */;
			productType = "com.apple.product-type.application";
		};
		B40AB7182FF816AE00591F25 /* MusicTVTests */ = {
			isa = PBXNativeTarget;
			buildConfigurationList = B40AB7322FF816AE00591F25 /* Build configuration list for PBXNativeTarget "MusicTVTests" */;
			buildPhases = (
				B40AB7152FF816AE00591F25 /* Sources */,
				B40AB7162FF816AE00591F25 /* Frameworks */,
				B40AB7172FF816AE00591F25 /* Resources */,
			);
			buildRules = (
			);
			dependencies = (
				B40AB71B2FF816AE00591F25 /* PBXTargetDependency */,
			);
			fileSystemSynchronizedGroups = (
				B40AB71C2FF816AE00591F25 /* MusicTVTests */,
			);
			name = MusicTVTests;
			productName = MusicTVTests;
			productReference = B40AB7192FF816AE00591F25 /* MusicTVTests.xctest */;
			productType = "com.apple.product-type.bundle.unit-test";
		};
		B40AB7222FF816AE00591F25 /* MusicTVUITests */ = {
			isa = PBXNativeTarget;
			buildConfigurationList = B40AB7332FF816AE00591F25 /* Build configuration list for PBXNativeTarget "MusicTVUITests" */;
			buildPhases = (
				B40AB71F2FF816AE00591F25 /* Sources */,
				B40AB7202FF816AE00591F25 /* Frameworks */,
				B40AB7212FF816AE00591F25 /* Resources */,
			);
			buildRules = (
			);
			dependencies = (
				B40AB7252FF816AE00591F25 /* PBXTargetDependency */,
			);
			fileSystemSynchronizedGroups = (
				B40AB7262FF816AE00591F25 /* MusicTVUITests */,
			);
			name = MusicTVUITests;
			productName = MusicTVUITests;
			productReference = B40AB7232FF816AE00591F25 /* MusicTVUITests.xctest */;
			productType = "com.apple.product-type.bundle.ui-testing";
		};
		B40AB90E2FF8DE3400591F25 /* MusicMac */ = {
			isa = PBXNativeTarget;
			buildConfigurationList = B40AB92D2FF8DE3400591F25 /* Build configuration list for PBXNativeTarget "MusicMac" */;
			buildPhases = (
				B40AB90B2FF8DE3400591F25 /* Sources */,
				B40AB90C2FF8DE3400591F25 /* Frameworks */,
				B40AB90D2FF8DE3400591F25 /* Resources */,
			);
			buildRules = (
			);
			fileSystemSynchronizedGroups = (
				B40AB9102FF8DE3400591F25 /* MusicMac */,
			);
			name = MusicMac;
			productName = MusicMac;
			productReference = B40AB90F2FF8DE3400591F25 /* MusicMac.app */;
			productType = "com.apple.product-type.application";
		};
		B40AB91A2FF8DE3400591F25 /* MusicMacTests */ = {
			isa = PBXNativeTarget;
			buildConfigurationList = B40AB9302FF8DE3400591F25 /* Build configuration list for PBXNativeTarget "MusicMacTests" */;
			buildPhases = (
				B40AB9172FF8DE3400591F25 /* Sources */,
				B40AB9182FF8DE3400591F25 /* Frameworks */,
				B40AB9192FF8DE3400591F25 /* Resources */,
			);
			buildRules = (
			);
			dependencies = (
				B40AB91D2FF8DE3400591F25 /* PBXTargetDependency */,
			);
			fileSystemSynchronizedGroups = (
				B40AB91E2FF8DE3400591F25 /* MusicMacTests */,
			);
			name = MusicMacTests;
			productName = MusicMacTests;
			productReference = B40AB91B2FF8DE3400591F25 /* MusicMacTests.xctest */;
			productType = "com.apple.product-type.bundle.unit-test";
		};
		B40AB9242FF8DE3400591F25 /* MusicMacUITests */ = {
			isa = PBXNativeTarget;
			buildConfigurationList = B40AB9332FF8DE3400591F25 /* Build configuration list for PBXNativeTarget "MusicMacUITests" */;
			buildPhases = (
				B40AB9212FF8DE3400591F25 /* Sources */,
				B40AB9222FF8DE3400591F25 /* Frameworks */,
				B40AB9232FF8DE3400591F25 /* Resources */,
			);
			buildRules = (
			);
			dependencies = (
				B40AB9272FF8DE3400591F25 /* PBXTargetDependency */,
			);
			fileSystemSynchronizedGroups = (
				B40AB9282FF8DE3400591F25 /* MusicMacUITests */,
			);
			name = MusicMacUITests;
			productName = MusicMacUITests;
			productReference = B40AB9252FF8DE3400591F25 /* MusicMacUITests.xctest */;
			productType = "com.apple.product-type.bundle.ui-testing";
		};
/* End PBXNativeTarget section */

/* Begin PBXProject section */
		000000000000000000000000 /* Project object */ = {
			isa = PBXProject;
			attributes = {
				BuildIndependentTargetsInParallel = 1;
				LastSwiftUpdateCheck = 2660;
				LastUpgradeCheck = 2700;
				TargetAttributes = {
					000000000000000100000000 = {
						CreatedOnToolsVersion = 26.3;
					};
					B40AB70C2FF816AD00591F25 = {
						CreatedOnToolsVersion = 26.6;
					};
					B40AB7182FF816AE00591F25 = {
						CreatedOnToolsVersion = 26.6;
						TestTargetID = B40AB70C2FF816AD00591F25;
					};
					B40AB7222FF816AE00591F25 = {
						CreatedOnToolsVersion = 26.6;
						TestTargetID = B40AB70C2FF816AD00591F25;
					};
					B40AB90E2FF8DE3400591F25 = {
						CreatedOnToolsVersion = 26.6;
					};
					B40AB91A2FF8DE3400591F25 = {
						CreatedOnToolsVersion = 26.6;
						TestTargetID = B40AB90E2FF8DE3400591F25;
					};
					B40AB9242FF8DE3400591F25 = {
						CreatedOnToolsVersion = 26.6;
						TestTargetID = B40AB90E2FF8DE3400591F25;
					};
				};
			};
			buildConfigurationList = 000000000000000010000000 /* Build configuration list for PBXProject "MusicApp" */;
			developmentRegion = en;
			hasScannedForEncodings = 0;
			knownRegions = (
				en,
				Base,
			);
			mainGroup = 000000000000000000000001;
			minimizedProjectReferenceProxies = 1;
			preferredProjectObjectVersion = 90;
			productRefGroup = 000000000000000000000020 /* Products */;
			projectDirPath = "";
			projectRoot = "";
			targets = (
				000000000000000100000000 /* MusicApp */,
				B40AB70C2FF816AD00591F25 /* MusicTV */,
				B40AB7182FF816AE00591F25 /* MusicTVTests */,
				B40AB7222FF816AE00591F25 /* MusicTVUITests */,
				B40AB90E2FF8DE3400591F25 /* MusicMac */,
				B40AB91A2FF8DE3400591F25 /* MusicMacTests */,
				B40AB9242FF8DE3400591F25 /* MusicMacUITests */,
			);
		};
/* End PBXProject section */

/* Begin PBXResourcesBuildPhase section */
		000000000000000140000000 /* Resources */ = {
			isa = PBXResourcesBuildPhase;
			files = (
			);
		};
		B40AB70B2FF816AD00591F25 /* Resources */ = {
			isa = PBXResourcesBuildPhase;
			files = (
			);
		};
		B40AB7172FF816AE00591F25 /* Resources */ = {
			isa = PBXResourcesBuildPhase;
			files = (
			);
		};
		B40AB7212FF816AE00591F25 /* Resources */ = {
			isa = PBXResourcesBuildPhase;
			files = (
			);
		};
		B40AB90D2FF8DE3400591F25 /* Resources */ = {
			isa = PBXResourcesBuildPhase;
			files = (
			);
		};
		B40AB9192FF8DE3400591F25 /* Resources */ = {
			isa = PBXResourcesBuildPhase;
			files = (
			);
		};
		B40AB9232FF8DE3400591F25 /* Resources */ = {
			isa = PBXResourcesBuildPhase;
			files = (
			);
		};
/* End PBXResourcesBuildPhase section */

/* Begin PBXSourcesBuildPhase section */
		000000000000000120000000 /* Sources */ = {
			isa = PBXSourcesBuildPhase;
			files = (
			);
		};
		B40AB7092FF816AD00591F25 /* Sources */ = {
			isa = PBXSourcesBuildPhase;
			files = (
			);
		};
		B40AB7152FF816AE00591F25 /* Sources */ = {
			isa = PBXSourcesBuildPhase;
			files = (
			);
		};
		B40AB71F2FF816AE00591F25 /* Sources */ = {
			isa = PBXSourcesBuildPhase;
			files = (
			);
		};
		B40AB90B2FF8DE3400591F25 /* Sources */ = {
			isa = PBXSourcesBuildPhase;
			files = (
			);
		};
		B40AB9172FF8DE3400591F25 /* Sources */ = {
			isa = PBXSourcesBuildPhase;
			files = (
			);
		};
		B40AB9212FF8DE3400591F25 /* Sources */ = {
			isa = PBXSourcesBuildPhase;
			files = (
			);
		};
/* End PBXSourcesBuildPhase section */

/* Begin PBXTargetDependency section */
		B40AB71B2FF816AE00591F25 /* PBXTargetDependency */ = {
			isa = PBXTargetDependency;
			target = B40AB70C2FF816AD00591F25 /* MusicTV */;
			targetProxy = B40AB71A2FF816AE00591F25 /* PBXContainerItemProxy */;
		};
		B40AB7252FF816AE00591F25 /* PBXTargetDependency */ = {
			isa = PBXTargetDependency;
			target = B40AB70C2FF816AD00591F25 /* MusicTV */;
			targetProxy = B40AB7242FF816AE00591F25 /* PBXContainerItemProxy */;
		};
		B40AB91D2FF8DE3400591F25 /* PBXTargetDependency */ = {
			isa = PBXTargetDependency;
			target = B40AB90E2FF8DE3400591F25 /* MusicMac */;
			targetProxy = B40AB91C2FF8DE3400591F25 /* PBXContainerItemProxy */;
		};
		B40AB9272FF8DE3400591F25 /* PBXTargetDependency */ = {
			isa = PBXTargetDependency;
			target = B40AB90E2FF8DE3400591F25 /* MusicMac */;
			targetProxy = B40AB9262FF8DE3400591F25 /* PBXContainerItemProxy */;
		};
/* End PBXTargetDependency section */

/* Begin XCBuildConfiguration section */
		000000000000000011000000 /* Debug configuration for PBXProject "MusicApp" */ = {
			isa = XCBuildConfiguration;
			buildSettings = {
				ALWAYS_SEARCH_USER_PATHS = NO;
				APPLETVOS_DEPLOYMENT_TARGET = 27.0;
				ASSETCATALOG_COMPILER_GENERATE_SWIFT_ASSET_SYMBOL_EXTENSIONS = YES;
				CLANG_ANALYZER_NONNULL = YES;
				CLANG_ANALYZER_NUMBER_OBJECT_CONVERSION = YES_AGGRESSIVE;
				CLANG_CXX_LANGUAGE_STANDARD = "gnu++20";
				CLANG_ENABLE_MODULES = YES;
				CLANG_ENABLE_OBJC_ARC = YES;
				CLANG_ENABLE_OBJC_WEAK = YES;
				CLANG_WARN_BLOCK_CAPTURE_AUTORELEASING = YES;
				CLANG_WARN_BOOL_CONVERSION = YES;
				CLANG_WARN_COMMA = YES;
				CLANG_WARN_CONSTANT_CONVERSION = YES;
				CLANG_WARN_DEPRECATED_OBJC_IMPLEMENTATIONS = YES;
				CLANG_WARN_DIRECT_OBJC_ISA_USAGE = YES_ERROR;
				CLANG_WARN_DOCUMENTATION_COMMENTS = YES;
				CLANG_WARN_EMPTY_BODY = YES;
				CLANG_WARN_ENUM_CONVERSION = YES;
				CLANG_WARN_INFINITE_RECURSION = YES;
				CLANG_WARN_INT_CONVERSION = YES;
				CLANG_WARN_NON_LITERAL_NULL_CONVERSION = YES;
				CLANG_WARN_OBJC_IMPLICIT_RETAIN_SELF = YES;
				CLANG_WARN_OBJC_LITERAL_CONVERSION = YES;
				CLANG_WARN_OBJC_ROOT_CLASS = YES_ERROR;
				CLANG_WARN_QUOTED_INCLUDE_IN_FRAMEWORK_HEADER = YES;
				CLANG_WARN_RANGE_LOOP_ANALYSIS = YES;
				CLANG_WARN_STRICT_PROTOTYPES = YES;
				CLANG_WARN_SUSPICIOUS_MOVE = YES;
				CLANG_WARN_UNGUARDED_AVAILABILITY = YES_AGGRESSIVE;
				CLANG_WARN_UNREACHABLE_CODE = YES;
				CLANG_WARN__DUPLICATE_METHOD_MATCH = YES;
				COPY_PHASE_STRIP = NO;
				DEAD_CODE_STRIPPING = YES;
				DEBUG_INFORMATION_FORMAT = dwarf;
				DRIVERKIT_DEPLOYMENT_TARGET = 27.0;
				ENABLE_STRICT_OBJC_MSGSEND = YES;
				ENABLE_TESTABILITY = YES;
				ENABLE_USER_SCRIPT_SANDBOXING = YES;
				GCC_C_LANGUAGE_STANDARD = gnu17;
				GCC_DYNAMIC_NO_PIC = NO;
				GCC_NO_COMMON_BLOCKS = YES;
				GCC_OPTIMIZATION_LEVEL = 0;
				GCC_PREPROCESSOR_DEFINITIONS = (
					"DEBUG=1",
					"$(inherited)",
				);
				GCC_WARN_64_TO_32_BIT_CONVERSION = YES;
				GCC_WARN_ABOUT_RETURN_TYPE = YES_ERROR;
				GCC_WARN_UNDECLARED_SELECTOR = YES;
				GCC_WARN_UNINITIALIZED_AUTOS = YES_AGGRESSIVE;
				GCC_WARN_UNUSED_FUNCTION = YES;
				GCC_WARN_UNUSED_VARIABLE = YES;
				IPHONEOS_DEPLOYMENT_TARGET = 26.0;
				LOCALIZATION_PREFERS_STRING_CATALOGS = YES;
				MACOSX_DEPLOYMENT_TARGET = 26.5.1;
				MTL_ENABLE_DEBUG_INFO = INCLUDE_SOURCE;
				MTL_FAST_MATH = YES;
				ONLY_ACTIVE_ARCH = YES;
				PROJECT_UNIQUE_VALUE = CBMTGLQD;
				STRING_CATALOG_GENERATE_SYMBOLS = YES;
				SWIFT_ACTIVE_COMPILATION_CONDITIONS = "DEBUG $(inherited)";
				SWIFT_OPTIMIZATION_LEVEL = "-Onone";
				WATCHOS_DEPLOYMENT_TARGET = 27.0;
				XROS_DEPLOYMENT_TARGET = 27.0;
			};
			name = Debug;
		};
		000000000000000012000000 /* Release configuration for PBXProject "MusicApp" */ = {
			isa = XCBuildConfiguration;
			buildSettings = {
				ALWAYS_SEARCH_USER_PATHS = NO;
				APPLETVOS_DEPLOYMENT_TARGET = 27.0;
				ASSETCATALOG_COMPILER_GENERATE_SWIFT_ASSET_SYMBOL_EXTENSIONS = YES;
				CLANG_ANALYZER_NONNULL = YES;
				CLANG_ANALYZER_NUMBER_OBJECT_CONVERSION = YES_AGGRESSIVE;
				CLANG_CXX_LANGUAGE_STANDARD = "gnu++20";
				CLANG_ENABLE_MODULES = YES;
				CLANG_ENABLE_OBJC_ARC = YES;
				CLANG_ENABLE_OBJC_WEAK = YES;
				CLANG_WARN_BLOCK_CAPTURE_AUTORELEASING = YES;
				CLANG_WARN_BOOL_CONVERSION = YES;
				CLANG_WARN_COMMA = YES;
				CLANG_WARN_CONSTANT_CONVERSION = YES;
				CLANG_WARN_DEPRECATED_OBJC_IMPLEMENTATIONS = YES;
				CLANG_WARN_DIRECT_OBJC_ISA_USAGE = YES_ERROR;
				CLANG_WARN_DOCUMENTATION_COMMENTS = YES;
				CLANG_WARN_EMPTY_BODY = YES;
				CLANG_WARN_ENUM_CONVERSION = YES;
				CLANG_WARN_INFINITE_RECURSION = YES;
				CLANG_WARN_INT_CONVERSION = YES;
				CLANG_WARN_NON_LITERAL_NULL_CONVERSION = YES;
				CLANG_WARN_OBJC_IMPLICIT_RETAIN_SELF = YES;
				CLANG_WARN_OBJC_LITERAL_CONVERSION = YES;
				CLANG_WARN_OBJC_ROOT_CLASS = YES_ERROR;
				CLANG_WARN_QUOTED_INCLUDE_IN_FRAMEWORK_HEADER = YES;
				CLANG_WARN_RANGE_LOOP_ANALYSIS = YES;
				CLANG_WARN_STRICT_PROTOTYPES = YES;
				CLANG_WARN_SUSPICIOUS_MOVE = YES;
				CLANG_WARN_UNGUARDED_AVAILABILITY = YES_AGGRESSIVE;
				CLANG_WARN_UNREACHABLE_CODE = YES;
				CLANG_WARN__DUPLICATE_METHOD_MATCH = YES;
				COPY_PHASE_STRIP = NO;
				DEAD_CODE_STRIPPING = YES;
				DEBUG_INFORMATION_FORMAT = "dwarf-with-dsym";
				DRIVERKIT_DEPLOYMENT_TARGET = 27.0;
				ENABLE_NS_ASSERTIONS = NO;
				ENABLE_STRICT_OBJC_MSGSEND = YES;
				ENABLE_USER_SCRIPT_SANDBOXING = YES;
				GCC_C_LANGUAGE_STANDARD = gnu17;
				GCC_NO_COMMON_BLOCKS = YES;
				GCC_WARN_64_TO_32_BIT_CONVERSION = YES;
				GCC_WARN_ABOUT_RETURN_TYPE = YES_ERROR;
				GCC_WARN_UNDECLARED_SELECTOR = YES;
				GCC_WARN_UNINITIALIZED_AUTOS = YES_AGGRESSIVE;
				GCC_WARN_UNUSED_FUNCTION = YES;
				GCC_WARN_UNUSED_VARIABLE = YES;
				IPHONEOS_DEPLOYMENT_TARGET = 26.0;
				LOCALIZATION_PREFERS_STRING_CATALOGS = YES;
				MACOSX_DEPLOYMENT_TARGET = 26.5.1;
				MTL_ENABLE_DEBUG_INFO = NO;
				MTL_FAST_MATH = YES;
				PROJECT_UNIQUE_VALUE = CBMTGLQD;
				STRING_CATALOG_GENERATE_SYMBOLS = YES;
				SWIFT_COMPILATION_MODE = wholemodule;
				WATCHOS_DEPLOYMENT_TARGET = 27.0;
				XROS_DEPLOYMENT_TARGET = 27.0;
			};
			name = Release;
		};
		000000000000000111000000 /* Debug configuration for PBXNativeTarget "MusicApp" */ = {
			isa = XCBuildConfiguration;
			buildSettings = {
				ASSETCATALOG_COMPILER_APPICON_NAME = AppIcon;
				"CODE_SIGN_IDENTITY[sdk=macosx*]" = "Apple Development";
				CODE_SIGN_STYLE = Automatic;
				CURRENT_PROJECT_VERSION = 5;
				DEVELOPMENT_TEAM = CVY4D7SJKP;
				ENABLE_APP_SANDBOX = YES;
				ENABLE_PREVIEWS = YES;
				ENABLE_USER_SELECTED_FILES = readonly;
				GENERATE_INFOPLIST_FILE = YES;
				INFOPLIST_FILE = MusicApp/Info.plist;
				INFOPLIST_KEY_CFBundleDisplayName = Music2.0;
				INFOPLIST_KEY_LSApplicationCategoryType = "public.app-category.music";
				"INFOPLIST_KEY_UIApplicationSceneManifest_Generation[sdk=iphoneos*]" = YES;
				"INFOPLIST_KEY_UIApplicationSceneManifest_Generation[sdk=iphonesimulator*]" = YES;
				"INFOPLIST_KEY_UIApplicationSupportsIndirectInputEvents[sdk=iphoneos*]" = YES;
				"INFOPLIST_KEY_UIApplicationSupportsIndirectInputEvents[sdk=iphonesimulator*]" = YES;
				INFOPLIST_KEY_UIBackgroundModes = audio;
				"INFOPLIST_KEY_UILaunchScreen_Generation[sdk=iphoneos*]" = YES;
				"INFOPLIST_KEY_UILaunchScreen_Generation[sdk=iphonesimulator*]" = YES;
				INFOPLIST_KEY_UIStatusBarStyle = "";
				"INFOPLIST_KEY_UIStatusBarStyle[sdk=iphoneos*]" = UIStatusBarStyleDefault;
				"INFOPLIST_KEY_UIStatusBarStyle[sdk=iphonesimulator*]" = UIStatusBarStyleDefault;
				INFOPLIST_KEY_UISupportedInterfaceOrientations = UIInterfaceOrientationPortrait;
				INFOPLIST_KEY_UISupportedInterfaceOrientations_iPad = "UIInterfaceOrientationLandscapeLeft UIInterfaceOrientationLandscapeRight UIInterfaceOrientationPortrait UIInterfaceOrientationPortraitUpsideDown";
				LD_RUNPATH_SEARCH_PATHS = "@executable_path/Frameworks";
				"LD_RUNPATH_SEARCH_PATHS[sdk=macosx*]" = "@executable_path/../Frameworks";
				MARKETING_VERSION = 1.0;
				PRODUCT_BUNDLE_IDENTIFIER = com.nagorastudios.music;
				PRODUCT_NAME = Music2.0;
				REGISTER_APP_GROUPS = YES;
				SDKROOT = auto;
				STRING_CATALOG_GENERATE_SYMBOLS = YES;
				SUPPORTED_PLATFORMS = "iphoneos iphonesimulator macosx xros xrsimulator";
				SWIFT_APPROACHABLE_CONCURRENCY = YES;
				SWIFT_DEFAULT_ACTOR_ISOLATION = MainActor;
				SWIFT_EMIT_LOC_STRINGS = YES;
				SWIFT_UPCOMING_FEATURE_MEMBER_IMPORT_VISIBILITY = YES;
				SWIFT_VERSION = 5.0;
				TARGETED_DEVICE_FAMILY = 1;
			};
			name = Debug;
		};
		000000000000000112000000 /* Release configuration for PBXNativeTarget "MusicApp" */ = {
			isa = XCBuildConfiguration;
			buildSettings = {
				ASSETCATALOG_COMPILER_APPICON_NAME = AppIcon;
				"CODE_SIGN_IDENTITY[sdk=macosx*]" = "Apple Development";
				CODE_SIGN_STYLE = Automatic;
				CURRENT_PROJECT_VERSION = 5;
				DEVELOPMENT_TEAM = CVY4D7SJKP;
				ENABLE_APP_SANDBOX = YES;
				ENABLE_PREVIEWS = YES;
				ENABLE_USER_SELECTED_FILES = readonly;
				GENERATE_INFOPLIST_FILE = YES;
				INFOPLIST_FILE = MusicApp/Info.plist;
				INFOPLIST_KEY_CFBundleDisplayName = Music2.0;
				INFOPLIST_KEY_LSApplicationCategoryType = "public.app-category.music";
				"INFOPLIST_KEY_UIApplicationSceneManifest_Generation[sdk=iphoneos*]" = YES;
				"INFOPLIST_KEY_UIApplicationSceneManifest_Generation[sdk=iphonesimulator*]" = YES;
				"INFOPLIST_KEY_UIApplicationSupportsIndirectInputEvents[sdk=iphoneos*]" = YES;
				"INFOPLIST_KEY_UIApplicationSupportsIndirectInputEvents[sdk=iphonesimulator*]" = YES;
				INFOPLIST_KEY_UIBackgroundModes = audio;
				"INFOPLIST_KEY_UILaunchScreen_Generation[sdk=iphoneos*]" = YES;
				"INFOPLIST_KEY_UILaunchScreen_Generation[sdk=iphonesimulator*]" = YES;
				INFOPLIST_KEY_UIStatusBarStyle = "";
				"INFOPLIST_KEY_UIStatusBarStyle[sdk=iphoneos*]" = UIStatusBarStyleDefault;
				"INFOPLIST_KEY_UIStatusBarStyle[sdk=iphonesimulator*]" = UIStatusBarStyleDefault;
				INFOPLIST_KEY_UISupportedInterfaceOrientations = UIInterfaceOrientationPortrait;
				INFOPLIST_KEY_UISupportedInterfaceOrientations_iPad = "UIInterfaceOrientationLandscapeLeft UIInterfaceOrientationLandscapeRight UIInterfaceOrientationPortrait UIInterfaceOrientationPortraitUpsideDown";
				LD_RUNPATH_SEARCH_PATHS = "@executable_path/Frameworks";
				"LD_RUNPATH_SEARCH_PATHS[sdk=macosx*]" = "@executable_path/../Frameworks";
				MARKETING_VERSION = 1.0;
				PRODUCT_BUNDLE_IDENTIFIER = com.nagorastudios.music;
				PRODUCT_NAME = Music2.0;
				REGISTER_APP_GROUPS = YES;
				SDKROOT = auto;
				STRING_CATALOG_GENERATE_SYMBOLS = YES;
				SUPPORTED_PLATFORMS = "iphoneos iphonesimulator macosx xros xrsimulator";
				SWIFT_APPROACHABLE_CONCURRENCY = YES;
				SWIFT_DEFAULT_ACTOR_ISOLATION = MainActor;
				SWIFT_EMIT_LOC_STRINGS = YES;
				SWIFT_UPCOMING_FEATURE_MEMBER_IMPORT_VISIBILITY = YES;
				SWIFT_VERSION = 5.0;
				TARGETED_DEVICE_FAMILY = 1;
			};
			name = Release;
		};
		B40AB72B2FF816AE00591F25 /* Debug configuration for PBXNativeTarget "MusicTV" */ = {
			isa = XCBuildConfiguration;
			buildSettings = {
				ASSETCATALOG_COMPILER_APPICON_NAME = "App Icon & Top Shelf Image";
				ASSETCATALOG_COMPILER_GLOBAL_ACCENT_COLOR_NAME = AccentColor;
				CODE_SIGN_STYLE = Automatic;
				CURRENT_PROJECT_VERSION = 1;
				DEVELOPMENT_TEAM = CVY4D7SJKP;
				ENABLE_PREVIEWS = YES;
				GENERATE_INFOPLIST_FILE = YES;
				INFOPLIST_KEY_CFBundleDisplayName = Music2.0;
				INFOPLIST_KEY_UILaunchScreen_Generation = YES;
				INFOPLIST_KEY_UIUserInterfaceStyle = Automatic;
				LD_RUNPATH_SEARCH_PATHS = (
					"$(inherited)",
					"@executable_path/Frameworks",
				);
				MARKETING_VERSION = 1.0;
				PRODUCT_BUNDLE_IDENTIFIER = com.nagorastudios.music;
				PRODUCT_NAME = Music2.0;
				SDKROOT = appletvos;
				STRING_CATALOG_GENERATE_SYMBOLS = YES;
				SWIFT_APPROACHABLE_CONCURRENCY = YES;
				SWIFT_DEFAULT_ACTOR_ISOLATION = MainActor;
				SWIFT_EMIT_LOC_STRINGS = YES;
				SWIFT_UPCOMING_FEATURE_MEMBER_IMPORT_VISIBILITY = YES;
				SWIFT_VERSION = 5.0;
				TARGETED_DEVICE_FAMILY = 3;
				TVOS_DEPLOYMENT_TARGET = 26.0;
			};
			name = Debug;
		};
		B40AB72C2FF816AE00591F25 /* Release configuration for PBXNativeTarget "MusicTV" */ = {
			isa = XCBuildConfiguration;
			buildSettings = {
				ASSETCATALOG_COMPILER_APPICON_NAME = "App Icon & Top Shelf Image";
				ASSETCATALOG_COMPILER_GLOBAL_ACCENT_COLOR_NAME = AccentColor;
				CODE_SIGN_STYLE = Automatic;
				CURRENT_PROJECT_VERSION = 1;
				DEVELOPMENT_TEAM = CVY4D7SJKP;
				ENABLE_PREVIEWS = YES;
				GENERATE_INFOPLIST_FILE = YES;
				INFOPLIST_KEY_CFBundleDisplayName = Music2.0;
				INFOPLIST_KEY_UILaunchScreen_Generation = YES;
				INFOPLIST_KEY_UIUserInterfaceStyle = Automatic;
				LD_RUNPATH_SEARCH_PATHS = (
					"$(inherited)",
					"@executable_path/Frameworks",
				);
				MARKETING_VERSION = 1.0;
				PRODUCT_BUNDLE_IDENTIFIER = com.nagorastudios.music;
				PRODUCT_NAME = Music2.0;
				SDKROOT = appletvos;
				STRING_CATALOG_GENERATE_SYMBOLS = YES;
				SWIFT_APPROACHABLE_CONCURRENCY = YES;
				SWIFT_DEFAULT_ACTOR_ISOLATION = MainActor;
				SWIFT_EMIT_LOC_STRINGS = YES;
				SWIFT_UPCOMING_FEATURE_MEMBER_IMPORT_VISIBILITY = YES;
				SWIFT_VERSION = 5.0;
				TARGETED_DEVICE_FAMILY = 3;
				TVOS_DEPLOYMENT_TARGET = 26.0;
				VALIDATE_PRODUCT = YES;
			};
			name = Release;
		};
		B40AB72D2FF816AE00591F25 /* Debug configuration for PBXNativeTarget "MusicTVTests" */ = {
			isa = XCBuildConfiguration;
			buildSettings = {
				BUNDLE_LOADER = "$(TEST_HOST)";
				CODE_SIGN_STYLE = Automatic;
				CURRENT_PROJECT_VERSION = 1;
				DEVELOPMENT_TEAM = CVY4D7SJKP;
				GENERATE_INFOPLIST_FILE = YES;
				MARKETING_VERSION = 1.0;
				PRODUCT_BUNDLE_IDENTIFIER = studio485.MusicTVTests;
				PRODUCT_NAME = "$(TARGET_NAME)";
				SDKROOT = appletvos;
				STRING_CATALOG_GENERATE_SYMBOLS = NO;
				SWIFT_APPROACHABLE_CONCURRENCY = YES;
				SWIFT_EMIT_LOC_STRINGS = NO;
				SWIFT_UPCOMING_FEATURE_MEMBER_IMPORT_VISIBILITY = YES;
				SWIFT_VERSION = 5.0;
				TARGETED_DEVICE_FAMILY = 3;
				TEST_HOST = "$(BUILT_PRODUCTS_DIR)/MusicTV.app/$(BUNDLE_EXECUTABLE_FOLDER_PATH)/MusicTV";
				TVOS_DEPLOYMENT_TARGET = 26.0;
			};
			name = Debug;
		};
		B40AB72E2FF816AE00591F25 /* Release configuration for PBXNativeTarget "MusicTVTests" */ = {
			isa = XCBuildConfiguration;
			buildSettings = {
				BUNDLE_LOADER = "$(TEST_HOST)";
				CODE_SIGN_STYLE = Automatic;
				CURRENT_PROJECT_VERSION = 1;
				DEVELOPMENT_TEAM = CVY4D7SJKP;
				GENERATE_INFOPLIST_FILE = YES;
				MARKETING_VERSION = 1.0;
				PRODUCT_BUNDLE_IDENTIFIER = studio485.MusicTVTests;
				PRODUCT_NAME = "$(TARGET_NAME)";
				SDKROOT = appletvos;
				STRING_CATALOG_GENERATE_SYMBOLS = NO;
				SWIFT_APPROACHABLE_CONCURRENCY = YES;
				SWIFT_EMIT_LOC_STRINGS = NO;
				SWIFT_UPCOMING_FEATURE_MEMBER_IMPORT_VISIBILITY = YES;
				SWIFT_VERSION = 5.0;
				TARGETED_DEVICE_FAMILY = 3;
				TEST_HOST = "$(BUILT_PRODUCTS_DIR)/MusicTV.app/$(BUNDLE_EXECUTABLE_FOLDER_PATH)/MusicTV";
				TVOS_DEPLOYMENT_TARGET = 26.0;
				VALIDATE_PRODUCT = YES;
			};
			name = Release;
		};
		B40AB72F2FF816AE00591F25 /* Debug configuration for PBXNativeTarget "MusicTVUITests" */ = {
			isa = XCBuildConfiguration;
			buildSettings = {
				CODE_SIGN_STYLE = Automatic;
				CURRENT_PROJECT_VERSION = 1;
				DEVELOPMENT_TEAM = CVY4D7SJKP;
				GENERATE_INFOPLIST_FILE = YES;
				MARKETING_VERSION = 1.0;
				PRODUCT_BUNDLE_IDENTIFIER = studio485.MusicTVUITests;
				PRODUCT_NAME = "$(TARGET_NAME)";
				SDKROOT = appletvos;
				STRING_CATALOG_GENERATE_SYMBOLS = NO;
				SWIFT_APPROACHABLE_CONCURRENCY = YES;
				SWIFT_EMIT_LOC_STRINGS = NO;
				SWIFT_UPCOMING_FEATURE_MEMBER_IMPORT_VISIBILITY = YES;
				SWIFT_VERSION = 5.0;
				TARGETED_DEVICE_FAMILY = 3;
				TEST_TARGET_NAME = MusicTV;
				TVOS_DEPLOYMENT_TARGET = 26.0;
			};
			name = Debug;
		};
		B40AB7302FF816AE00591F25 /* Release configuration for PBXNativeTarget "MusicTVUITests" */ = {
			isa = XCBuildConfiguration;
			buildSettings = {
				CODE_SIGN_STYLE = Automatic;
				CURRENT_PROJECT_VERSION = 1;
				DEVELOPMENT_TEAM = CVY4D7SJKP;
				GENERATE_INFOPLIST_FILE = YES;
				MARKETING_VERSION = 1.0;
				PRODUCT_BUNDLE_IDENTIFIER = studio485.MusicTVUITests;
				PRODUCT_NAME = "$(TARGET_NAME)";
				SDKROOT = appletvos;
				STRING_CATALOG_GENERATE_SYMBOLS = NO;
				SWIFT_APPROACHABLE_CONCURRENCY = YES;
				SWIFT_EMIT_LOC_STRINGS = NO;
				SWIFT_UPCOMING_FEATURE_MEMBER_IMPORT_VISIBILITY = YES;
				SWIFT_VERSION = 5.0;
				TARGETED_DEVICE_FAMILY = 3;
				TEST_TARGET_NAME = MusicTV;
				TVOS_DEPLOYMENT_TARGET = 26.0;
				VALIDATE_PRODUCT = YES;
			};
			name = Release;
		};
		B40AB92E2FF8DE3400591F25 /* Debug configuration for PBXNativeTarget "MusicMac" */ = {
			isa = XCBuildConfiguration;
			buildSettings = {
				ASSETCATALOG_COMPILER_APPICON_NAME = AppIcon;
				ASSETCATALOG_COMPILER_GLOBAL_ACCENT_COLOR_NAME = AccentColor;
				CODE_SIGN_STYLE = Automatic;
				COMBINE_HIDPI_IMAGES = YES;
				CURRENT_PROJECT_VERSION = 1;
				DEVELOPMENT_TEAM = CVY4D7SJKP;
				ENABLE_APP_SANDBOX = YES;
				ENABLE_HARDENED_RUNTIME = YES;
				ENABLE_PREVIEWS = YES;
				ENABLE_USER_SELECTED_FILES = readonly;
				GENERATE_INFOPLIST_FILE = YES;
				INFOPLIST_KEY_NSHumanReadableCopyright = "";
				LD_RUNPATH_SEARCH_PATHS = (
					"$(inherited)",
					"@executable_path/../Frameworks",
				);
				MACOSX_DEPLOYMENT_TARGET = 26.5;
				MARKETING_VERSION = 1.0;
				PRODUCT_BUNDLE_IDENTIFIER = studio485.MusicMac;
				PRODUCT_NAME = "$(TARGET_NAME)";
				REGISTER_APP_GROUPS = YES;
				SDKROOT = macosx;
				STRING_CATALOG_GENERATE_SYMBOLS = YES;
				SWIFT_APPROACHABLE_CONCURRENCY = YES;
				SWIFT_DEFAULT_ACTOR_ISOLATION = MainActor;
				SWIFT_EMIT_LOC_STRINGS = YES;
				SWIFT_UPCOMING_FEATURE_MEMBER_IMPORT_VISIBILITY = YES;
				SWIFT_VERSION = 5.0;
			};
			name = Debug;
		};
		B40AB92F2FF8DE3400591F25 /* Release configuration for PBXNativeTarget "MusicMac" */ = {
			isa = XCBuildConfiguration;
			buildSettings = {
				ASSETCATALOG_COMPILER_APPICON_NAME = AppIcon;
				ASSETCATALOG_COMPILER_GLOBAL_ACCENT_COLOR_NAME = AccentColor;
				CODE_SIGN_STYLE = Automatic;
				COMBINE_HIDPI_IMAGES = YES;
				CURRENT_PROJECT_VERSION = 1;
				DEVELOPMENT_TEAM = CVY4D7SJKP;
				ENABLE_APP_SANDBOX = YES;
				ENABLE_HARDENED_RUNTIME = YES;
				ENABLE_PREVIEWS = YES;
				ENABLE_USER_SELECTED_FILES = readonly;
				GENERATE_INFOPLIST_FILE = YES;
				INFOPLIST_KEY_NSHumanReadableCopyright = "";
				LD_RUNPATH_SEARCH_PATHS = (
					"$(inherited)",
					"@executable_path/../Frameworks",
				);
				MACOSX_DEPLOYMENT_TARGET = 26.5;
				MARKETING_VERSION = 1.0;
				PRODUCT_BUNDLE_IDENTIFIER = studio485.MusicMac;
				PRODUCT_NAME = "$(TARGET_NAME)";
				REGISTER_APP_GROUPS = YES;
				SDKROOT = macosx;
				STRING_CATALOG_GENERATE_SYMBOLS = YES;
				SWIFT_APPROACHABLE_CONCURRENCY = YES;
				SWIFT_DEFAULT_ACTOR_ISOLATION = MainActor;
				SWIFT_EMIT_LOC_STRINGS = YES;
				SWIFT_UPCOMING_FEATURE_MEMBER_IMPORT_VISIBILITY = YES;
				SWIFT_VERSION = 5.0;
			};
			name = Release;
		};
		B40AB9312FF8DE3400591F25 /* Debug configuration for PBXNativeTarget "MusicMacTests" */ = {
			isa = XCBuildConfiguration;
			buildSettings = {
				BUNDLE_LOADER = "$(TEST_HOST)";
				CODE_SIGN_STYLE = Automatic;
				CURRENT_PROJECT_VERSION = 1;
				DEVELOPMENT_TEAM = CVY4D7SJKP;
				GENERATE_INFOPLIST_FILE = YES;
				MACOSX_DEPLOYMENT_TARGET = 26.5;
				MARKETING_VERSION = 1.0;
				PRODUCT_BUNDLE_IDENTIFIER = studio485.MusicMacTests;
				PRODUCT_NAME = "$(TARGET_NAME)";
				SDKROOT = macosx;
				STRING_CATALOG_GENERATE_SYMBOLS = NO;
				SWIFT_APPROACHABLE_CONCURRENCY = YES;
				SWIFT_EMIT_LOC_STRINGS = NO;
				SWIFT_UPCOMING_FEATURE_MEMBER_IMPORT_VISIBILITY = YES;
				SWIFT_VERSION = 5.0;
				TEST_HOST = "$(BUILT_PRODUCTS_DIR)/MusicMac.app/$(BUNDLE_EXECUTABLE_FOLDER_PATH)/MusicMac";
			};
			name = Debug;
		};
		B40AB9322FF8DE3400591F25 /* Release configuration for PBXNativeTarget "MusicMacTests" */ = {
			isa = XCBuildConfiguration;
			buildSettings = {
				BUNDLE_LOADER = "$(TEST_HOST)";
				CODE_SIGN_STYLE = Automatic;
				CURRENT_PROJECT_VERSION = 1;
				DEVELOPMENT_TEAM = CVY4D7SJKP;
				GENERATE_INFOPLIST_FILE = YES;
				MACOSX_DEPLOYMENT_TARGET = 26.5;
				MARKETING_VERSION = 1.0;
				PRODUCT_BUNDLE_IDENTIFIER = studio485.MusicMacTests;
				PRODUCT_NAME = "$(TARGET_NAME)";
				SDKROOT = macosx;
				STRING_CATALOG_GENERATE_SYMBOLS = NO;
				SWIFT_APPROACHABLE_CONCURRENCY = YES;
				SWIFT_EMIT_LOC_STRINGS = NO;
				SWIFT_UPCOMING_FEATURE_MEMBER_IMPORT_VISIBILITY = YES;
				SWIFT_VERSION = 5.0;
				TEST_HOST = "$(BUILT_PRODUCTS_DIR)/MusicMac.app/$(BUNDLE_EXECUTABLE_FOLDER_PATH)/MusicMac";
			};
			name = Release;
		};
		B40AB9342FF8DE3400591F25 /* Debug configuration for PBXNativeTarget "MusicMacUITests" */ = {
			isa = XCBuildConfiguration;
			buildSettings = {
				CODE_SIGN_STYLE = Automatic;
				CURRENT_PROJECT_VERSION = 1;
				DEVELOPMENT_TEAM = CVY4D7SJKP;
				GENERATE_INFOPLIST_FILE = YES;
				MACOSX_DEPLOYMENT_TARGET = 26.5;
				MARKETING_VERSION = 1.0;
				PRODUCT_BUNDLE_IDENTIFIER = studio485.MusicMacUITests;
				PRODUCT_NAME = "$(TARGET_NAME)";
				SDKROOT = macosx;
				STRING_CATALOG_GENERATE_SYMBOLS = NO;
				SWIFT_APPROACHABLE_CONCURRENCY = YES;
				SWIFT_EMIT_LOC_STRINGS = NO;
				SWIFT_UPCOMING_FEATURE_MEMBER_IMPORT_VISIBILITY = YES;
				SWIFT_VERSION = 5.0;
				TEST_TARGET_NAME = MusicMac;
			};
			name = Debug;
		};
		B40AB9352FF8DE3400591F25 /* Release configuration for PBXNativeTarget "MusicMacUITests" */ = {
			isa = XCBuildConfiguration;
			buildSettings = {
				CODE_SIGN_STYLE = Automatic;
				CURRENT_PROJECT_VERSION = 1;
				DEVELOPMENT_TEAM = CVY4D7SJKP;
				GENERATE_INFOPLIST_FILE = YES;
				MACOSX_DEPLOYMENT_TARGET = 26.5;
				MARKETING_VERSION = 1.0;
				PRODUCT_BUNDLE_IDENTIFIER = studio485.MusicMacUITests;
				PRODUCT_NAME = "$(TARGET_NAME)";
				SDKROOT = macosx;
				STRING_CATALOG_GENERATE_SYMBOLS = NO;
				SWIFT_APPROACHABLE_CONCURRENCY = YES;
				SWIFT_EMIT_LOC_STRINGS = NO;
				SWIFT_UPCOMING_FEATURE_MEMBER_IMPORT_VISIBILITY = YES;
				SWIFT_VERSION = 5.0;
				TEST_TARGET_NAME = MusicMac;
			};
			name = Release;
		};
/* End XCBuildConfiguration section */

/* Begin XCConfigurationList section */
		000000000000000010000000 /* Build configuration list for PBXProject "MusicApp" */ = {
			isa = XCConfigurationList;
			buildConfigurations = (
				000000000000000011000000 /* Debug configuration for PBXProject "MusicApp" */,
				000000000000000012000000 /* Release configuration for PBXProject "MusicApp" */,
			);
			defaultConfigurationName = Release;
		};
		000000000000000110000000 /* Build configuration list for PBXNativeTarget "MusicApp" */ = {
			isa = XCConfigurationList;
			buildConfigurations = (
				000000000000000111000000 /* Debug configuration for PBXNativeTarget "MusicApp" */,
				000000000000000112000000 /* Release configuration for PBXNativeTarget "MusicApp" */,
			);
			defaultConfigurationName = Release;
		};
		B40AB7312FF816AE00591F25 /* Build configuration list for PBXNativeTarget "MusicTV" */ = {
			isa = XCConfigurationList;
			buildConfigurations = (
				B40AB72B2FF816AE00591F25 /* Debug configuration for PBXNativeTarget "MusicTV" */,
				B40AB72C2FF816AE00591F25 /* Release configuration for PBXNativeTarget "MusicTV" */,
			);
			defaultConfigurationName = Release;
		};
		B40AB7322FF816AE00591F25 /* Build configuration list for PBXNativeTarget "MusicTVTests" */ = {
			isa = XCConfigurationList;
			buildConfigurations = (
				B40AB72D2FF816AE00591F25 /* Debug configuration for PBXNativeTarget "MusicTVTests" */,
				B40AB72E2FF816AE00591F25 /* Release configuration for PBXNativeTarget "MusicTVTests" */,
			);
			defaultConfigurationName = Release;
		};
		B40AB7332FF816AE00591F25 /* Build configuration list for PBXNativeTarget "MusicTVUITests" */ = {
			isa = XCConfigurationList;
			buildConfigurations = (
				B40AB72F2FF816AE00591F25 /* Debug configuration for PBXNativeTarget "MusicTVUITests" */,
				B40AB7302FF816AE00591F25 /* Release configuration for PBXNativeTarget "MusicTVUITests" */,
			);
			defaultConfigurationName = Release;
		};
		B40AB92D2FF8DE3400591F25 /* Build configuration list for PBXNativeTarget "MusicMac" */ = {
			isa = XCConfigurationList;
			buildConfigurations = (
				B40AB92E2FF8DE3400591F25 /* Debug configuration for PBXNativeTarget "MusicMac" */,
				B40AB92F2FF8DE3400591F25 /* Release configuration for PBXNativeTarget "MusicMac" */,
			);
			defaultConfigurationName = Release;
		};
		B40AB9302FF8DE3400591F25 /* Build configuration list for PBXNativeTarget "MusicMacTests" */ = {
			isa = XCConfigurationList;
			buildConfigurations = (
				B40AB9312FF8DE3400591F25 /* Debug configuration for PBXNativeTarget "MusicMacTests" */,
				B40AB9322FF8DE3400591F25 /* Release configuration for PBXNativeTarget "MusicMacTests" */,
			);
			defaultConfigurationName = Release;
		};
		B40AB9332FF8DE3400591F25 /* Build configuration list for PBXNativeTarget "MusicMacUITests" */ = {
			isa = XCConfigurationList;
			buildConfigurations = (
				B40AB9342FF8DE3400591F25 /* Debug configuration for PBXNativeTarget "MusicMacUITests" */,
				B40AB9352FF8DE3400591F25 /* Release configuration for PBXNativeTarget "MusicMacUITests" */,
			);
			defaultConfigurationName = Release;
		};
/* End XCConfigurationList section */
	};
	rootObject = 000000000000000000000000 /* Project object */;
}
